github.com/confluentinc/confluent-kafka-go v1.7.0 h1:tXh3LWb2Ne0WiU3ng4h5qiGA9XV61rz46w60O+cq8bM=
github.com/confluentinc/confluent-kafka-go v1.7.0/go.mod h1:u2zNLny2xq+5rWeTQjFHbDzzNuba4P1vo31r9r4uAdg=
github.com/go-chi/chi/v5 v5.0.3 h1:khYQBdPivkYG1s1TAzDQG1f6eX4kD2TItYVZexL5rS4=
github.com/go-chi/chi/v5 v5.0.3/go.mod h1:DslCQbL2OYiznFReuXYUmQ2hGd1aDpCnlMNITLSKoi8=
github.com/go-chi/render v1.0.1 h1:4/5tis2cKaNdnv9zFLfXzcquC9HbeZgCnxGnKrltBS8=
github.com/go-chi/render v1.0.1/go.mod h1:pq4Rr7HbnsdaeHagklXub+p6Wd16Af5l9koip1OvJns=
